
Microsoft Visual Studio Solution File, Format Version 12.00
Project("{FAE04EC0-301F-11D3-BF4B-00C04F79EFBC}") = "Lab-4-Coroutines-And-Functions", "Lab-4-Coroutines-And-Functions.csproj", "{5835E019-B26F-4A3A-A63F-596DE34CAE7D}"
EndProject
Global
	GlobalSection(SolutionConfigurationPlatforms) = preSolution
		Debug|Any CPU = Debug|Any CPU
		Release|Any CPU = Release|Any CPU
	EndGlobalSection
	GlobalSection(ProjectConfigurationPlatforms) = postSolution
		{5835E019-B26F-4A3A-A63F-596DE34CAE7D}.Debug|Any CPU.ActiveCfg = Debug|Any CPU
		{5835E019-B26F-4A3A-A63F-596DE34CAE7D}.Debug|Any CPU.Build.0 = Debug|Any CPU
		{5835E019-B26F-4A3A-A63F-596DE34CAE7D}.Release|Any CPU.ActiveCfg = Release|Any CPU
		{5835E019-B26F-4A3A-A63F-596DE34CAE7D}.Release|Any CPU.Build.0 = Release|Any CPU
	EndGlobalSection
EndGlobal
